{
  "nodes": {
    "nixpkgs": {
      "locked": {
        "lastModified": 1626000883,
        "narHash": "sha256-T0XaxrkxBLPx7QWU61GI1Ck7esptxz3BLwJSG733AeU=",
        "owner": "NixOS",
        "repo": "nixpkgs",
        "rev": "b2c82b443ef2444c74178ffab1b218c6fde2d85a",
        "type": "github"
      },
      "original": {
        "id": "nixpkgs",
        "type": "indirect"
      }
    },
    "root": {
      "inputs": {
        "nixpkgs": "nixpkgs"
      }
    }
  },
  "root": "root",
  "version": 7
}
